{
  "name": "pudl-explorer",
  "lockfileVersion": 3,
  "requires": true,
  "packages": {
    "": {
      "name": "pudl-explorer",
      "dependencies": {
        "facetful": "^0.7.1"
      }
    },
    "node_modules/facetful": {
      "version": "0.7.1",
      "resolved": "https://registry.npmjs.org/facetful/-/facetful-0.7.1.tgz",
      "integrity": "sha512-cp01E17MmYUOifMcXft1G//ZarVUEwb6vjDD3b9YPSGF1BEhIcRGNfsbctDOZgs+pd8gmb8XWv6BROLQFXNOig==",
      "license": "MIT",
      "bin": {
        "facetful": "bin/facetful.mjs"
      },
      "peerDependencies": {
        "hyparquet": ">=1.0.0"
      },
      "peerDependenciesMeta": {
        "hyparquet": {
          "optional": true
        }
      }
    }
  }
}
