{
  "name": "pudl-explorer",
  "lockfileVersion": 3,
  "requires": true,
  "packages": {
    "": {
      "name": "pudl-explorer",
      "dependencies": {
        "facetful": "^0.3.0"
      }
    },
    "node_modules/facetful": {
      "version": "0.3.0",
      "resolved": "https://registry.npmjs.org/facetful/-/facetful-0.3.0.tgz",
      "integrity": "sha512-PZQitKx3j2A1+28ThjJXeqZZHjB8XVLpjQ4P/BKRj1XAVdgZJ0ZdUl8aMYikbgnW6bmPe/bFAl/ZAL7c6Dsidw==",
      "license": "MIT",
      "peerDependencies": {
        "hyparquet": ">=1.0.0"
      },
      "peerDependenciesMeta": {
        "hyparquet": {
          "optional": true
        }
      }
    }
  }
}
