{
  "name": "pudl-explorer",
  "lockfileVersion": 3,
  "requires": true,
  "packages": {
    "": {
      "name": "pudl-explorer",
      "dependencies": {
        "facetful": "^0.3.1"
      }
    },
    "node_modules/facetful": {
      "version": "0.3.1",
      "resolved": "https://registry.npmjs.org/facetful/-/facetful-0.3.1.tgz",
      "integrity": "sha512-Hoxh6BE//iBgEUerGnY9kP5BAqJ0o0oN4j81BO7Pchu1zZo+B1UJOfzlHDZz4U3ad1JjvYJF+V+QCkfMgXr8Ng==",
      "license": "MIT",
      "peerDependencies": {
        "hyparquet": ">=1.0.0"
      },
      "peerDependenciesMeta": {
        "hyparquet": {
          "optional": true
        }
      }
    }
  }
}
